
Microsoft Visual Studio Solution File, Format Version 12.00
# Visual Studio Version 17
VisualStudioVersion = 17.12.35527.113 d17.12
MinimumVisualStudioVersion = 10.0.40219.1
Project("{2150E333-8FDC-42A3-9474-1A3956D46DE8}") = "src", "src", "{F5360402-6E12-4C63-8433-7E0821DC9288}"
EndProject
Project("{2150E333-8FDC-42A3-9474-1A3956D46DE8}") = "Services", "Services", "{9FAD7958-6EFD-41FA-95EA-0AF0F92C8E4B}"
EndProject
Project("{2150E333-8FDC-42A3-9474-1A3956D46DE8}") = "Gateway", "Gateway", "{DB0D3A9F-28EE-4624-994E-1018529EA267}"
EndProject
Project("{2150E333-8FDC-42A3-9474-1A3956D46DE8}") = "Shared", "Shared", "{1CADA5A9-1C70-4D27-ADB3-B775D8B8122A}"
EndProject
Project("{2150E333-8FDC-42A3-9474-1A3956D46DE8}") = "tests", "tests", "{1DA420F9-B2A5-4C02-B3E9-0E909DAAFD23}"
EndProject
Project("{2150E333-8FDC-42A3-9474-1A3956D46DE8}") = "docker", "docker", "{191138E5-0676-445A-BCB8-EC3AC5BA9F65}"
EndProject
Project("{2150E333-8FDC-42A3-9474-1A3956D46DE8}") = "k8s", "k8s", "{C409F56A-EF38-4A58-8AFE-88234B03225D}"
EndProject
Project("{2150E333-8FDC-42A3-9474-1A3956D46DE8}") = "docs", "docs", "{45C27945-165B-4499-B538-D023EEBF46E3}"
EndProject
Project("{2150E333-8FDC-42A3-9474-1A3956D46DE8}") = "Solution Items", "Solution Items", "{69873467-F4AE-4DB5-ADAA-F4264D90BC4B}"
	ProjectSection(SolutionItems) = preProject
		README.md = README.md
	EndProjectSection
EndProject
Project("{2150E333-8FDC-42A3-9474-1A3956D46DE8}") = "UserService", "UserService", "{809817FB-6E4D-48C9-87D5-A951AFF84DA3}"
EndProject
Project("{FAE04EC0-301F-11D3-BF4B-00C04F79EFBC}") = "UserService.API", "src\Services\UserService\UserService.API\UserService.API.csproj", "{E64AC3B0-0AA6-462E-8459-34F88C947350}"
EndProject
Project("{FAE04EC0-301F-11D3-BF4B-00C04F79EFBC}") = "UserService.Model", "src\Services\UserService\UserService.Model\UserService.Model.csproj", "{DEA2ED09-BC0A-4A0E-89A4-B492788BA86A}"
EndProject
Project("{FAE04EC0-301F-11D3-BF4B-00C04F79EFBC}") = "UserService.Core", "src\Services\UserService\UserService.Core\UserService.Core.csproj", "{7BB43477-C641-41C9-A9D1-66DAF7C2AC42}"
EndProject
Project("{FAE04EC0-301F-11D3-BF4B-00C04F79EFBC}") = "UserService.Infrastructure", "src\Services\UserService\UserService.Infrastructure\UserService.Infrastructure.csproj", "{683AC14B-A483-4E64-87CA-14197D09A862}"
EndProject
Project("{FAE04EC0-301F-11D3-BF4B-00C04F79EFBC}") = "UserService.Persistence", "src\Services\UserService\UserService.Persistence\UserService.Persistence.csproj", "{BE7EC560-A485-4E95-8217-E0A37C6C2459}"
EndProject
Project("{FAE04EC0-301F-11D3-BF4B-00C04F79EFBC}") = "UserService.Application", "src\Services\UserService\UserService.Application\UserService.Application.csproj", "{E0AD85D5-686A-4966-B223-31E9994D935B}"
EndProject
Project("{FAE04EC0-301F-11D3-BF4B-00C04F79EFBC}") = "Contracts", "src\Shared\Contracts\Contracts.csproj", "{B809A111-B3E3-457F-B8CE-E7A8183EB08E}"
EndProject
Project("{FAE04EC0-301F-11D3-BF4B-00C04F79EFBC}") = "SharedKernel", "src\Shared\SharedKernel\SharedKernel.csproj", "{F8628BA9-3547-4722-905C-134FD0C3CF95}"
EndProject
Global
	GlobalSection(SolutionConfigurationPlatforms) = preSolution
		Debug|Any CPU = Debug|Any CPU
		Release|Any CPU = Release|Any CPU
	EndGlobalSection
	GlobalSection(ProjectConfigurationPlatforms) = postSolution
		{E64AC3B0-0AA6-462E-8459-34F88C947350}.Debug|Any CPU.ActiveCfg = Debug|Any CPU
		{E64AC3B0-0AA6-462E-8459-34F88C947350}.Debug|Any CPU.Build.0 = Debug|Any CPU
		{E64AC3B0-0AA6-462E-8459-34F88C947350}.Release|Any CPU.ActiveCfg = Release|Any CPU
		{E64AC3B0-0AA6-462E-8459-34F88C947350}.Release|Any CPU.Build.0 = Release|Any CPU
		{DEA2ED09-BC0A-4A0E-89A4-B492788BA86A}.Debug|Any CPU.ActiveCfg = Debug|Any CPU
		{DEA2ED09-BC0A-4A0E-89A4-B492788BA86A}.Debug|Any CPU.Build.0 = Debug|Any CPU
		{DEA2ED09-BC0A-4A0E-89A4-B492788BA86A}.Release|Any CPU.ActiveCfg = Release|Any CPU
		{DEA2ED09-BC0A-4A0E-89A4-B492788BA86A}.Release|Any CPU.Build.0 = Release|Any CPU
		{7BB43477-C641-41C9-A9D1-66DAF7C2AC42}.Debug|Any CPU.ActiveCfg = Debug|Any CPU
		{7BB43477-C641-41C9-A9D1-66DAF7C2AC42}.Debug|Any CPU.Build.0 = Debug|Any CPU
		{7BB43477-C641-41C9-A9D1-66DAF7C2AC42}.Release|Any CPU.ActiveCfg = Release|Any CPU
		{7BB43477-C641-41C9-A9D1-66DAF7C2AC42}.Release|Any CPU.Build.0 = Release|Any CPU
		{683AC14B-A483-4E64-87CA-14197D09A862}.Debug|Any CPU.ActiveCfg = Debug|Any CPU
		{683AC14B-A483-4E64-87CA-14197D09A862}.Debug|Any CPU.Build.0 = Debug|Any CPU
		{683AC14B-A483-4E64-87CA-14197D09A862}.Release|Any CPU.ActiveCfg = Release|Any CPU
		{683AC14B-A483-4E64-87CA-14197D09A862}.Release|Any CPU.Build.0 = Release|Any CPU
		{BE7EC560-A485-4E95-8217-E0A37C6C2459}.Debug|Any CPU.ActiveCfg = Debug|Any CPU
		{BE7EC560-A485-4E95-8217-E0A37C6C2459}.Debug|Any CPU.Build.0 = Debug|Any CPU
		{BE7EC560-A485-4E95-8217-E0A37C6C2459}.Release|Any CPU.ActiveCfg = Release|Any CPU
		{BE7EC560-A485-4E95-8217-E0A37C6C2459}.Release|Any CPU.Build.0 = Release|Any CPU
		{E0AD85D5-686A-4966-B223-31E9994D935B}.Debug|Any CPU.ActiveCfg = Debug|Any CPU
		{E0AD85D5-686A-4966-B223-31E9994D935B}.Debug|Any CPU.Build.0 = Debug|Any CPU
		{E0AD85D5-686A-4966-B223-31E9994D935B}.Release|Any CPU.ActiveCfg = Release|Any CPU
		{E0AD85D5-686A-4966-B223-31E9994D935B}.Release|Any CPU.Build.0 = Release|Any CPU
		{B809A111-B3E3-457F-B8CE-E7A8183EB08E}.Debug|Any CPU.ActiveCfg = Debug|Any CPU
		{B809A111-B3E3-457F-B8CE-E7A8183EB08E}.Debug|Any CPU.Build.0 = Debug|Any CPU
		{B809A111-B3E3-457F-B8CE-E7A8183EB08E}.Release|Any CPU.ActiveCfg = Release|Any CPU
		{B809A111-B3E3-457F-B8CE-E7A8183EB08E}.Release|Any CPU.Build.0 = Release|Any CPU
		{F8628BA9-3547-4722-905C-134FD0C3CF95}.Debug|Any CPU.ActiveCfg = Debug|Any CPU
		{F8628BA9-3547-4722-905C-134FD0C3CF95}.Debug|Any CPU.Build.0 = Debug|Any CPU
		{F8628BA9-3547-4722-905C-134FD0C3CF95}.Release|Any CPU.ActiveCfg = Release|Any CPU
		{F8628BA9-3547-4722-905C-134FD0C3CF95}.Release|Any CPU.Build.0 = Release|Any CPU
	EndGlobalSection
	GlobalSection(SolutionProperties) = preSolution
		HideSolutionNode = FALSE
	EndGlobalSection
	GlobalSection(NestedProjects) = preSolution
		{9FAD7958-6EFD-41FA-95EA-0AF0F92C8E4B} = {F5360402-6E12-4C63-8433-7E0821DC9288}
		{DB0D3A9F-28EE-4624-994E-1018529EA267} = {F5360402-6E12-4C63-8433-7E0821DC9288}
		{1CADA5A9-1C70-4D27-ADB3-B775D8B8122A} = {F5360402-6E12-4C63-8433-7E0821DC9288}
		{809817FB-6E4D-48C9-87D5-A951AFF84DA3} = {9FAD7958-6EFD-41FA-95EA-0AF0F92C8E4B}
		{E64AC3B0-0AA6-462E-8459-34F88C947350} = {809817FB-6E4D-48C9-87D5-A951AFF84DA3}
		{DEA2ED09-BC0A-4A0E-89A4-B492788BA86A} = {809817FB-6E4D-48C9-87D5-A951AFF84DA3}
		{7BB43477-C641-41C9-A9D1-66DAF7C2AC42} = {809817FB-6E4D-48C9-87D5-A951AFF84DA3}
		{683AC14B-A483-4E64-87CA-14197D09A862} = {809817FB-6E4D-48C9-87D5-A951AFF84DA3}
		{BE7EC560-A485-4E95-8217-E0A37C6C2459} = {809817FB-6E4D-48C9-87D5-A951AFF84DA3}
		{E0AD85D5-686A-4966-B223-31E9994D935B} = {809817FB-6E4D-48C9-87D5-A951AFF84DA3}
		{B809A111-B3E3-457F-B8CE-E7A8183EB08E} = {1CADA5A9-1C70-4D27-ADB3-B775D8B8122A}
		{F8628BA9-3547-4722-905C-134FD0C3CF95} = {1CADA5A9-1C70-4D27-ADB3-B775D8B8122A}
	EndGlobalSection
EndGlobal
