
Microsoft Visual Studio Solution File, Format Version 12.00
# Visual Studio Version 17
VisualStudioVersion = 17.12.35527.113
MinimumVisualStudioVersion = 10.0.40219.1
Project("{2150E333-8FDC-42A3-9474-1A3956D46DE8}") = "src", "src", "{F5360402-6E12-4C63-8433-7E0821DC9288}"
EndProject
Project("{2150E333-8FDC-42A3-9474-1A3956D46DE8}") = "Shared", "Shared", "{1CADA5A9-1C70-4D27-ADB3-B775D8B8122A}"
EndProject
Project("{2150E333-8FDC-42A3-9474-1A3956D46DE8}") = "Solution Items", "Solution Items", "{69873467-F4AE-4DB5-ADAA-F4264D90BC4B}"
	ProjectSection(SolutionItems) = preProject
		.editorconfig = .editorconfig
		.gitignore = .gitignore
		Directory.Build.props = Directory.Build.props
		Directory.Packages.props = Directory.Packages.props
	EndProjectSection
EndProject
Project("{FAE04EC0-301F-11D3-BF4B-00C04F79EFBC}") = "Contracts", "src\Shared\Contracts\Contracts.csproj", "{B809A111-B3E3-457F-B8CE-E7A8183EB08E}"
EndProject
Project("{FAE04EC0-301F-11D3-BF4B-00C04F79EFBC}") = "SharedKernel", "src\Shared\SharedKernel\SharedKernel.csproj", "{F8628BA9-3547-4722-905C-134FD0C3CF95}"
EndProject
Project("{2150E333-8FDC-42A3-9474-1A3956D46DE8}") = "Services", "Services", "{3E389B0B-18CC-438F-BAA5-B2A2894E2B13}"
EndProject
Project("{2150E333-8FDC-42A3-9474-1A3956D46DE8}") = "OrderService", "OrderService", "{80C424F8-66D9-4000-BC3E-39E7C1DF6CB1}"
EndProject
Project("{2150E333-8FDC-42A3-9474-1A3956D46DE8}") = "Core", "Core", "{5E219AAC-C105-475E-9D68-4F7B33484D27}"
EndProject
Project("{FAE04EC0-301F-11D3-BF4B-00C04F79EFBC}") = "OrderService.Application", "src\Services\OrderService\Core\OrderService.Application\OrderService.Application.csproj", "{08C740B4-1420-4E5A-8A56-5C1C545BAD56}"
EndProject
Project("{FAE04EC0-301F-11D3-BF4B-00C04F79EFBC}") = "OrderService.Domain", "src\Services\OrderService\Core\OrderService.Domain\OrderService.Domain.csproj", "{D3EF3104-F9DC-4178-8C94-9683A3F79F49}"
EndProject
Project("{2150E333-8FDC-42A3-9474-1A3956D46DE8}") = "Infrastructure", "Infrastructure", "{52D20B45-1F56-46A8-8510-DCCB9D1BA2AA}"
EndProject
Project("{FAE04EC0-301F-11D3-BF4B-00C04F79EFBC}") = "OrderService.Infrastructure", "src\Services\OrderService\Infrastructure\OrderService.Infrastructure\OrderService.Infrastructure.csproj", "{292F922E-AAA6-4612-A4B2-20175A622B70}"
EndProject
Project("{FAE04EC0-301F-11D3-BF4B-00C04F79EFBC}") = "OrderService.Persistence", "src\Services\OrderService\Infrastructure\OrderService.Persistence\OrderService.Persistence.csproj", "{4953206B-A273-4439-9124-51AF9E7C8342}"
EndProject
Project("{2150E333-8FDC-42A3-9474-1A3956D46DE8}") = "Presentation", "Presentation", "{B4FD31D5-32ED-4203-B69D-B6E273098670}"
EndProject
Project("{FAE04EC0-301F-11D3-BF4B-00C04F79EFBC}") = "OrderService.API", "src\Services\OrderService\Presentation\OrderService.API\OrderService.API.csproj", "{140B09CA-1DE0-4D97-87F9-4322B78E9716}"
EndProject
Project("{2150E333-8FDC-42A3-9474-1A3956D46DE8}") = "UserService", "UserService", "{96645B6F-FE1E-4BA8-88D0-838A22F4E1E5}"
EndProject
Project("{2150E333-8FDC-42A3-9474-1A3956D46DE8}") = "Core", "Core", "{87544A65-225A-4692-AF56-24E6BF931A1C}"
EndProject
Project("{FAE04EC0-301F-11D3-BF4B-00C04F79EFBC}") = "UserService.Application", "src\Services\UserService\Core\UserService.Application\UserService.Application.csproj", "{95E873BC-A2DF-4876-B113-06B1A3C4110A}"
EndProject
Project("{FAE04EC0-301F-11D3-BF4B-00C04F79EFBC}") = "UserService.Domain", "src\Services\UserService\Core\UserService.Domain\UserService.Domain.csproj", "{EAB7FF96-E439-4E3D-8F3B-43758B868BBD}"
EndProject
Project("{2150E333-8FDC-42A3-9474-1A3956D46DE8}") = "Infrastructure", "Infrastructure", "{41CA14C0-1A95-4520-802E-6A351D2B6281}"
EndProject
Project("{FAE04EC0-301F-11D3-BF4B-00C04F79EFBC}") = "UserService.Infrastructure", "src\Services\UserService\Infrastructure\UserService.Infrastructure\UserService.Infrastructure.csproj", "{6D121B40-0F18-4993-B56A-6A7F8F2C31BE}"
EndProject
Project("{FAE04EC0-301F-11D3-BF4B-00C04F79EFBC}") = "UserService.Persistence", "src\Services\UserService\Infrastructure\UserService.Persistence\UserService.Persistence.csproj", "{A25CF144-EA7E-4749-9BEB-FA22CE1C40D8}"
EndProject
Project("{2150E333-8FDC-42A3-9474-1A3956D46DE8}") = "Presentation", "Presentation", "{7C6CF53D-15E3-43AC-9B05-74AF840A0646}"
EndProject
Project("{FAE04EC0-301F-11D3-BF4B-00C04F79EFBC}") = "UserService.API", "src\Services\UserService\Presentation\UserService.API\UserService.API.csproj", "{32CE7E18-CFA1-429A-AD65-615E2F33AFD3}"
EndProject
Project("{2150E333-8FDC-42A3-9474-1A3956D46DE8}") = "ProductService", "ProductService", "{EB5F37A8-9D4C-41BD-8720-76C32D888864}"
EndProject
Project("{2150E333-8FDC-42A3-9474-1A3956D46DE8}") = "Core", "Core", "{334B034F-66F6-4E35-91EE-6B978EA88FB5}"
EndProject
Project("{FAE04EC0-301F-11D3-BF4B-00C04F79EFBC}") = "ProductService.Application", "src\Services\ProductService\Core\ProductService.Application\ProductService.Application.csproj", "{10918BA2-0011-4765-AD80-FDD97F36401D}"
EndProject
Project("{FAE04EC0-301F-11D3-BF4B-00C04F79EFBC}") = "ProductService.Domain", "src\Services\ProductService\Core\ProductService.Domain\ProductService.Domain.csproj", "{ADC9BC14-56E5-4452-A190-6434E9CD50D0}"
EndProject
Project("{2150E333-8FDC-42A3-9474-1A3956D46DE8}") = "Infrastructure", "Infrastructure", "{8A279423-D835-4E49-9AE3-BE3DF1899A4B}"
EndProject
Project("{FAE04EC0-301F-11D3-BF4B-00C04F79EFBC}") = "ProductService.Infrastructure", "src\Services\ProductService\Infrastructure\ProductService.Infrastructure\ProductService.Infrastructure.csproj", "{B7A54430-3891-44F0-9234-4D6883852F63}"
EndProject
Project("{FAE04EC0-301F-11D3-BF4B-00C04F79EFBC}") = "ProductService.Persistence", "src\Services\ProductService\Infrastructure\ProductService.Persistence\ProductService.Persistence.csproj", "{67152B09-75EA-4D24-86C3-2C86E49929AD}"
EndProject
Project("{2150E333-8FDC-42A3-9474-1A3956D46DE8}") = "Presentation", "Presentation", "{5DD081B3-A8E8-4CF5-940E-284BCD73DDCC}"
EndProject
Project("{FAE04EC0-301F-11D3-BF4B-00C04F79EFBC}") = "ProductService.API", "src\Services\ProductService\Presentation\ProductService.API\ProductService.API.csproj", "{FF8A9188-01A0-4084-9CE8-7FDBE2F90A2E}"
EndProject
Global
	GlobalSection(SolutionConfigurationPlatforms) = preSolution
		Debug|Any CPU = Debug|Any CPU
		Release|Any CPU = Release|Any CPU
	EndGlobalSection
	GlobalSection(ProjectConfigurationPlatforms) = postSolution
		{B809A111-B3E3-457F-B8CE-E7A8183EB08E}.Debug|Any CPU.ActiveCfg = Debug|Any CPU
		{B809A111-B3E3-457F-B8CE-E7A8183EB08E}.Debug|Any CPU.Build.0 = Debug|Any CPU
		{B809A111-B3E3-457F-B8CE-E7A8183EB08E}.Release|Any CPU.ActiveCfg = Release|Any CPU
		{B809A111-B3E3-457F-B8CE-E7A8183EB08E}.Release|Any CPU.Build.0 = Release|Any CPU
		{F8628BA9-3547-4722-905C-134FD0C3CF95}.Debug|Any CPU.ActiveCfg = Debug|Any CPU
		{F8628BA9-3547-4722-905C-134FD0C3CF95}.Debug|Any CPU.Build.0 = Debug|Any CPU
		{F8628BA9-3547-4722-905C-134FD0C3CF95}.Release|Any CPU.ActiveCfg = Release|Any CPU
		{F8628BA9-3547-4722-905C-134FD0C3CF95}.Release|Any CPU.Build.0 = Release|Any CPU
		{08C740B4-1420-4E5A-8A56-5C1C545BAD56}.Debug|Any CPU.ActiveCfg = Debug|Any CPU
		{08C740B4-1420-4E5A-8A56-5C1C545BAD56}.Debug|Any CPU.Build.0 = Debug|Any CPU
		{08C740B4-1420-4E5A-8A56-5C1C545BAD56}.Release|Any CPU.ActiveCfg = Release|Any CPU
		{08C740B4-1420-4E5A-8A56-5C1C545BAD56}.Release|Any CPU.Build.0 = Release|Any CPU
		{D3EF3104-F9DC-4178-8C94-9683A3F79F49}.Debug|Any CPU.ActiveCfg = Debug|Any CPU
		{D3EF3104-F9DC-4178-8C94-9683A3F79F49}.Debug|Any CPU.Build.0 = Debug|Any CPU
		{D3EF3104-F9DC-4178-8C94-9683A3F79F49}.Release|Any CPU.ActiveCfg = Release|Any CPU
		{D3EF3104-F9DC-4178-8C94-9683A3F79F49}.Release|Any CPU.Build.0 = Release|Any CPU
		{292F922E-AAA6-4612-A4B2-20175A622B70}.Debug|Any CPU.ActiveCfg = Debug|Any CPU
		{292F922E-AAA6-4612-A4B2-20175A622B70}.Debug|Any CPU.Build.0 = Debug|Any CPU
		{292F922E-AAA6-4612-A4B2-20175A622B70}.Release|Any CPU.ActiveCfg = Release|Any CPU
		{292F922E-AAA6-4612-A4B2-20175A622B70}.Release|Any CPU.Build.0 = Release|Any CPU
		{4953206B-A273-4439-9124-51AF9E7C8342}.Debug|Any CPU.ActiveCfg = Debug|Any CPU
		{4953206B-A273-4439-9124-51AF9E7C8342}.Debug|Any CPU.Build.0 = Debug|Any CPU
		{4953206B-A273-4439-9124-51AF9E7C8342}.Release|Any CPU.ActiveCfg = Release|Any CPU
		{4953206B-A273-4439-9124-51AF9E7C8342}.Release|Any CPU.Build.0 = Release|Any CPU
		{140B09CA-1DE0-4D97-87F9-4322B78E9716}.Debug|Any CPU.ActiveCfg = Debug|Any CPU
		{140B09CA-1DE0-4D97-87F9-4322B78E9716}.Debug|Any CPU.Build.0 = Debug|Any CPU
		{140B09CA-1DE0-4D97-87F9-4322B78E9716}.Release|Any CPU.ActiveCfg = Release|Any CPU
		{140B09CA-1DE0-4D97-87F9-4322B78E9716}.Release|Any CPU.Build.0 = Release|Any CPU
		{95E873BC-A2DF-4876-B113-06B1A3C4110A}.Debug|Any CPU.ActiveCfg = Debug|Any CPU
		{95E873BC-A2DF-4876-B113-06B1A3C4110A}.Debug|Any CPU.Build.0 = Debug|Any CPU
		{95E873BC-A2DF-4876-B113-06B1A3C4110A}.Release|Any CPU.ActiveCfg = Release|Any CPU
		{95E873BC-A2DF-4876-B113-06B1A3C4110A}.Release|Any CPU.Build.0 = Release|Any CPU
		{EAB7FF96-E439-4E3D-8F3B-43758B868BBD}.Debug|Any CPU.ActiveCfg = Debug|Any CPU
		{EAB7FF96-E439-4E3D-8F3B-43758B868BBD}.Debug|Any CPU.Build.0 = Debug|Any CPU
		{EAB7FF96-E439-4E3D-8F3B-43758B868BBD}.Release|Any CPU.ActiveCfg = Release|Any CPU
		{EAB7FF96-E439-4E3D-8F3B-43758B868BBD}.Release|Any CPU.Build.0 = Release|Any CPU
		{6D121B40-0F18-4993-B56A-6A7F8F2C31BE}.Debug|Any CPU.ActiveCfg = Debug|Any CPU
		{6D121B40-0F18-4993-B56A-6A7F8F2C31BE}.Debug|Any CPU.Build.0 = Debug|Any CPU
		{6D121B40-0F18-4993-B56A-6A7F8F2C31BE}.Release|Any CPU.ActiveCfg = Release|Any CPU
		{6D121B40-0F18-4993-B56A-6A7F8F2C31BE}.Release|Any CPU.Build.0 = Release|Any CPU
		{A25CF144-EA7E-4749-9BEB-FA22CE1C40D8}.Debug|Any CPU.ActiveCfg = Debug|Any CPU
		{A25CF144-EA7E-4749-9BEB-FA22CE1C40D8}.Debug|Any CPU.Build.0 = Debug|Any CPU
		{A25CF144-EA7E-4749-9BEB-FA22CE1C40D8}.Release|Any CPU.ActiveCfg = Release|Any CPU
		{A25CF144-EA7E-4749-9BEB-FA22CE1C40D8}.Release|Any CPU.Build.0 = Release|Any CPU
		{32CE7E18-CFA1-429A-AD65-615E2F33AFD3}.Debug|Any CPU.ActiveCfg = Debug|Any CPU
		{32CE7E18-CFA1-429A-AD65-615E2F33AFD3}.Debug|Any CPU.Build.0 = Debug|Any CPU
		{32CE7E18-CFA1-429A-AD65-615E2F33AFD3}.Release|Any CPU.ActiveCfg = Release|Any CPU
		{32CE7E18-CFA1-429A-AD65-615E2F33AFD3}.Release|Any CPU.Build.0 = Release|Any CPU
		{10918BA2-0011-4765-AD80-FDD97F36401D}.Debug|Any CPU.ActiveCfg = Debug|Any CPU
		{10918BA2-0011-4765-AD80-FDD97F36401D}.Debug|Any CPU.Build.0 = Debug|Any CPU
		{10918BA2-0011-4765-AD80-FDD97F36401D}.Release|Any CPU.ActiveCfg = Release|Any CPU
		{10918BA2-0011-4765-AD80-FDD97F36401D}.Release|Any CPU.Build.0 = Release|Any CPU
		{ADC9BC14-56E5-4452-A190-6434E9CD50D0}.Debug|Any CPU.ActiveCfg = Debug|Any CPU
		{ADC9BC14-56E5-4452-A190-6434E9CD50D0}.Debug|Any CPU.Build.0 = Debug|Any CPU
		{ADC9BC14-56E5-4452-A190-6434E9CD50D0}.Release|Any CPU.ActiveCfg = Release|Any CPU
		{ADC9BC14-56E5-4452-A190-6434E9CD50D0}.Release|Any CPU.Build.0 = Release|Any CPU
		{B7A54430-3891-44F0-9234-4D6883852F63}.Debug|Any CPU.ActiveCfg = Debug|Any CPU
		{B7A54430-3891-44F0-9234-4D6883852F63}.Debug|Any CPU.Build.0 = Debug|Any CPU
		{B7A54430-3891-44F0-9234-4D6883852F63}.Release|Any CPU.ActiveCfg = Release|Any CPU
		{B7A54430-3891-44F0-9234-4D6883852F63}.Release|Any CPU.Build.0 = Release|Any CPU
		{67152B09-75EA-4D24-86C3-2C86E49929AD}.Debug|Any CPU.ActiveCfg = Debug|Any CPU
		{67152B09-75EA-4D24-86C3-2C86E49929AD}.Debug|Any CPU.Build.0 = Debug|Any CPU
		{67152B09-75EA-4D24-86C3-2C86E49929AD}.Release|Any CPU.ActiveCfg = Release|Any CPU
		{67152B09-75EA-4D24-86C3-2C86E49929AD}.Release|Any CPU.Build.0 = Release|Any CPU
		{FF8A9188-01A0-4084-9CE8-7FDBE2F90A2E}.Debug|Any CPU.ActiveCfg = Debug|Any CPU
		{FF8A9188-01A0-4084-9CE8-7FDBE2F90A2E}.Debug|Any CPU.Build.0 = Debug|Any CPU
		{FF8A9188-01A0-4084-9CE8-7FDBE2F90A2E}.Release|Any CPU.ActiveCfg = Release|Any CPU
		{FF8A9188-01A0-4084-9CE8-7FDBE2F90A2E}.Release|Any CPU.Build.0 = Release|Any CPU
	EndGlobalSection
	GlobalSection(SolutionProperties) = preSolution
		HideSolutionNode = FALSE
	EndGlobalSection
	GlobalSection(NestedProjects) = preSolution
		{1CADA5A9-1C70-4D27-ADB3-B775D8B8122A} = {F5360402-6E12-4C63-8433-7E0821DC9288}
		{B809A111-B3E3-457F-B8CE-E7A8183EB08E} = {1CADA5A9-1C70-4D27-ADB3-B775D8B8122A}
		{F8628BA9-3547-4722-905C-134FD0C3CF95} = {1CADA5A9-1C70-4D27-ADB3-B775D8B8122A}
		{3E389B0B-18CC-438F-BAA5-B2A2894E2B13} = {F5360402-6E12-4C63-8433-7E0821DC9288}
		{80C424F8-66D9-4000-BC3E-39E7C1DF6CB1} = {3E389B0B-18CC-438F-BAA5-B2A2894E2B13}
		{5E219AAC-C105-475E-9D68-4F7B33484D27} = {80C424F8-66D9-4000-BC3E-39E7C1DF6CB1}
		{08C740B4-1420-4E5A-8A56-5C1C545BAD56} = {5E219AAC-C105-475E-9D68-4F7B33484D27}
		{D3EF3104-F9DC-4178-8C94-9683A3F79F49} = {5E219AAC-C105-475E-9D68-4F7B33484D27}
		{52D20B45-1F56-46A8-8510-DCCB9D1BA2AA} = {80C424F8-66D9-4000-BC3E-39E7C1DF6CB1}
		{292F922E-AAA6-4612-A4B2-20175A622B70} = {52D20B45-1F56-46A8-8510-DCCB9D1BA2AA}
		{4953206B-A273-4439-9124-51AF9E7C8342} = {52D20B45-1F56-46A8-8510-DCCB9D1BA2AA}
		{B4FD31D5-32ED-4203-B69D-B6E273098670} = {80C424F8-66D9-4000-BC3E-39E7C1DF6CB1}
		{140B09CA-1DE0-4D97-87F9-4322B78E9716} = {B4FD31D5-32ED-4203-B69D-B6E273098670}
		{96645B6F-FE1E-4BA8-88D0-838A22F4E1E5} = {3E389B0B-18CC-438F-BAA5-B2A2894E2B13}
		{87544A65-225A-4692-AF56-24E6BF931A1C} = {96645B6F-FE1E-4BA8-88D0-838A22F4E1E5}
		{95E873BC-A2DF-4876-B113-06B1A3C4110A} = {87544A65-225A-4692-AF56-24E6BF931A1C}
		{EAB7FF96-E439-4E3D-8F3B-43758B868BBD} = {87544A65-225A-4692-AF56-24E6BF931A1C}
		{41CA14C0-1A95-4520-802E-6A351D2B6281} = {96645B6F-FE1E-4BA8-88D0-838A22F4E1E5}
		{6D121B40-0F18-4993-B56A-6A7F8F2C31BE} = {41CA14C0-1A95-4520-802E-6A351D2B6281}
		{A25CF144-EA7E-4749-9BEB-FA22CE1C40D8} = {41CA14C0-1A95-4520-802E-6A351D2B6281}
		{7C6CF53D-15E3-43AC-9B05-74AF840A0646} = {96645B6F-FE1E-4BA8-88D0-838A22F4E1E5}
		{32CE7E18-CFA1-429A-AD65-615E2F33AFD3} = {7C6CF53D-15E3-43AC-9B05-74AF840A0646}
		{EB5F37A8-9D4C-41BD-8720-76C32D888864} = {3E389B0B-18CC-438F-BAA5-B2A2894E2B13}
		{334B034F-66F6-4E35-91EE-6B978EA88FB5} = {EB5F37A8-9D4C-41BD-8720-76C32D888864}
		{10918BA2-0011-4765-AD80-FDD97F36401D} = {334B034F-66F6-4E35-91EE-6B978EA88FB5}
		{ADC9BC14-56E5-4452-A190-6434E9CD50D0} = {334B034F-66F6-4E35-91EE-6B978EA88FB5}
		{8A279423-D835-4E49-9AE3-BE3DF1899A4B} = {EB5F37A8-9D4C-41BD-8720-76C32D888864}
		{B7A54430-3891-44F0-9234-4D6883852F63} = {8A279423-D835-4E49-9AE3-BE3DF1899A4B}
		{67152B09-75EA-4D24-86C3-2C86E49929AD} = {8A279423-D835-4E49-9AE3-BE3DF1899A4B}
		{5DD081B3-A8E8-4CF5-940E-284BCD73DDCC} = {EB5F37A8-9D4C-41BD-8720-76C32D888864}
		{FF8A9188-01A0-4084-9CE8-7FDBE2F90A2E} = {5DD081B3-A8E8-4CF5-940E-284BCD73DDCC}
	EndGlobalSection
EndGlobal
